// !$*UTF8*$!
{
	archiveVersion = 1;
	classes = {
	};
	objectVersion = 50;
	objects = {

/* Begin PBXBuildFile section */
		A7201B0D239A6C0900ED0881 /* UIViews.swift in Sources */ = {isa = PBXBuildFile; fileRef = A7201B0C239A6C0900ED0881 /* UIViews.swift */; };
		A75C797F2398C99500AA41A2 /* AppDelegate.swift in Sources */ = {isa = PBXBuildFile; fileRef = A75C797E2398C99500AA41A2 /* AppDelegate.swift */; };
		A75C79812398C99500AA41A2 /* SceneDelegate.swift in Sources */ = {isa = PBXBuildFile; fileRef = A75C79802398C99500AA41A2 /* SceneDelegate.swift */; };
		A75C79832398C99500AA41A2 /* MainViewController.swift in Sources */ = {isa = PBXBuildFile; fileRef = A75C79822398C99500AA41A2 /* MainViewController.swift */; };
		A75C79862398C99500AA41A2 /* Main.storyboard in Resources */ = {isa = PBXBuildFile; fileRef = A75C79842398C99500AA41A2 /* Main.storyboard */; };
		A75C79882398C99700AA41A2 /* Assets.xcassets in Resources */ = {isa = PBXBuildFile; fileRef = A75C79872398C99700AA41A2 /* Assets.xcassets */; };
		A75C798B2398C99700AA41A2 /* LaunchScreen.storyboard in Resources */ = {isa = PBXBuildFile; fileRef = A75C79892398C99700AA41A2 /* LaunchScreen.storyboard */; };
		A762B137239A68950053ACB4 /* Buttons.swift in Sources */ = {isa = PBXBuildFile; fileRef = A762B136239A68950053ACB4 /* Buttons.swift */; };
/* End PBXBuildFile section */

/* Begin PBXFileReference section */
		A7201B0C239A6C0900ED0881 /* UIViews.swift */ = {isa = PBXFileReference; lastKnownFileType = sourcecode.swift; path = UIViews.swift; sourceTree = "<group>"; };
		A75C797B2398C99500AA41A2 /* savingsApp.app */ = {isa = PBXFileReference; explicitFileType = wrapper.application; includeInIndex = 0; path = savingsApp.app; sourceTree = BUILT_PRODUCTS_DIR; };
		A75C797E2398C99500AA41A2 /* AppDelegate.swift */ = {isa = PBXFileReference; lastKnownFileType = sourcecode.swift; path = AppDelegate.swift; sourceTree = "<group>"; };
		A75C79802398C99500AA41A2 /* SceneDelegate.swift */ = {isa = PBXFileReference; lastKnownFileType = sourcecode.swift; path = SceneDelegate.swift; sourceTree = "<group>"; };
		A75C79822398C99500AA41A2 /* MainViewController.swift */ = {isa = PBXFileReference; lastKnownFileType = sourcecode.swift; path = MainViewController.swift; sourceTree = "<group>"; };
		A75C79852398C99500AA41A2 /* Base */ = {isa = PBXFileReference; lastKnownFileType = file.storyboard; name = Base; path = Base.lproj/Main.storyboard; sourceTree = "<group>"; };
		A75C79872398C99700AA41A2 /* Assets.xcassets */ = {isa = PBXFileReference; lastKnownFileType = folder.assetcatalog; path = Assets.xcassets; sourceTree = "<group>"; };
		A75C798A2398C99700AA41A2 /* Base */ = {isa = PBXFileReference; lastKnownFileType = file.storyboard; name = Base; path = Base.lproj/LaunchScreen.storyboard; sourceTree = "<group>"; };
		A75C798C2398C99700AA41A2 /* Info.plist */ = {isa = PBXFileReference; lastKnownFileType = text.plist.xml; path = Info.plist; sourceTree = "<group>"; };
		A762B136239A68950053ACB4 /* Buttons.swift */ = {isa = PBXFileReference; lastKnownFileType = sourcecode.swift; path = Buttons.swift; sourceTree = "<group>"; };
/* End PBXFileReference section */

/* Begin PBXFrameworksBuildPhase section */
		A75C79782398C99500AA41A2 /* Frameworks */ = {
			isa = PBXFrameworksBuildPhase;
			buildActionMask = 2147483647;
			files = (
			);
			runOnlyForDeploymentPostprocessing = 0;
		};
/* End PBXFrameworksBuildPhase section */

/* Begin PBXGroup section */
		A75C79722398C99500AA41A2 = {
			isa = PBXGroup;
			children = (
				A75C797D2398C99500AA41A2 /* savingsApp */,
				A75C797C2398C99500AA41A2 /* Products */,
			);
			sourceTree = "<group>";
		};
		A75C797C2398C99500AA41A2 /* Products */ = {
			isa = PBXGroup;
			children = (
				A75C797B2398C99500AA41A2 /* savingsApp.app */,
			);
			name = Products;
			sourceTree = "<group>";
		};
		A75C797D2398C99500AA41A2 /* savingsApp */ = {
			isa = PBXGroup;
			children = (
				A762B135239A686F0053ACB4 /* Extensions */,
				A75C79942398C9B700AA41A2 /* Models */,
				A75C79932398C9B000AA41A2 /* Views */,
				A75C79922398C9A300AA41A2 /* Controllers */,
				A75C797E2398C99500AA41A2 /* AppDelegate.swift */,
				A75C79802398C99500AA41A2 /* SceneDelegate.swift */,
				A75C79842398C99500AA41A2 /* Main.storyboard */,
				A75C79872398C99700AA41A2 /* Assets.xcassets */,
				A75C79892398C99700AA41A2 /* LaunchScreen.storyboard */,
				A75C798C2398C99700AA41A2 /* Info.plist */,
			);
			path = savingsApp;
			sourceTree = "<group>";
		};
		A75C79922398C9A300AA41A2 /* Controllers */ = {
			isa = PBXGroup;
			children = (
				A75C79822398C99500AA41A2 /* MainViewController.swift */,
			);
			path = Controllers;
			sourceTree = "<group>";
		};
		A75C79932398C9B000AA41A2 /* Views */ = {
			isa = PBXGroup;
			children = (
			);
			path = Views;
			sourceTree = "<group>";
		};
		A75C79942398C9B700AA41A2 /* Models */ = {
			isa = PBXGroup;
			children = (
			);
			path = Models;
			sourceTree = "<group>";
		};
		A762B135239A686F0053ACB4 /* Extensions */ = {
			isa = PBXGroup;
			children = (
				A762B136239A68950053ACB4 /* Buttons.swift */,
				A7201B0C239A6C0900ED0881 /* UIViews.swift */,
			);
			path = Extensions;
			sourceTree = "<group>";
		};
/* End PBXGroup section */

/* Begin PBXNativeTarget section */
		A75C797A2398C99500AA41A2 /* savingsApp */ = {
			isa = PBXNativeTarget;
			buildConfigurationList = A75C798F2398C99700AA41A2 /* Build configuration list for PBXNativeTarget "savingsApp" */;
			buildPhases = (
				A75C79772398C99500AA41A2 /* Sources */,
				A75C79782398C99500AA41A2 /* Frameworks */,
				A75C79792398C99500AA41A2 /* Resources */,
			);
			buildRules = (
			);
			dependencies = (
			);
			name = savingsApp;
			productName = savingsApp;
			productReference = A75C797B2398C99500AA41A2 /* savingsApp.app */;
			productType = "com.apple.product-type.application";
		};
/* End PBXNativeTarget section */

/* Begin PBXProject section */
		A75C79732398C99500AA41A2 /* Project object */ = {
			isa = PBXProject;
			attributes = {
				LastSwiftUpdateCheck = 1120;
				LastUpgradeCheck = 1120;
				ORGANIZATIONNAME = "Stephenson Ang";
				TargetAttributes = {
					A75C797A2398C99500AA41A2 = {
						CreatedOnToolsVersion = 11.2.1;
					};
				};
			};
			buildConfigurationList = A75C79762398C99500AA41A2 /* Build configuration list for PBXProject "savingsApp" */;
			compatibilityVersion = "Xcode 9.3";
			developmentRegion = en;
			hasScannedForEncodings = 0;
			knownRegions = (
				en,
				Base,
			);
			mainGroup = A75C79722398C99500AA41A2;
			productRefGroup = A75C797C2398C99500AA41A2 /* Products */;
			projectDirPath = "";
			projectRoot = "";
			targets = (
				A75C797A2398C99500AA41A2 /* savingsApp */,
			);
		};
/* End PBXProject section */

/* Begin PBXResourcesBuildPhase section */
		A75C79792398C99500AA41A2 /* Resources */ = {
			isa = PBXResourcesBuildPhase;
			buildActionMask = 2147483647;
			files = (
				A75C798B2398C99700AA41A2 /* LaunchScreen.storyboard in Resources */,
				A75C79882398C99700AA41A2 /* Assets.xcassets in Resources */,
				A75C79862398C99500AA41A2 /* Main.storyboard in Resources */,
			);
			runOnlyForDeploymentPostprocessing = 0;
		};
/* End PBXResourcesBuildPhase section */

/* Begin PBXSourcesBuildPhase section */
		A75C79772398C99500AA41A2 /* Sources */ = {
			isa = PBXSourcesBuildPhase;
			buildActionMask = 2147483647;
			files = (
				A75C79832398C99500AA41A2 /* MainViewController.swift in Sources */,
				A75C797F2398C99500AA41A2 /* AppDelegate.swift in Sources */,
				A75C79812398C99500AA41A2 /* SceneDelegate.swift in Sources */,
				A7201B0D239A6C0900ED0881 /* UIViews.swift in Sources */,
				A762B137239A68950053ACB4 /* Buttons.swift in Sources */,
			);
			runOnlyForDeploymentPostprocessing = 0;
		};
/* End PBXSourcesBuildPhase section */

/* Begin PBXVariantGroup section */
		A75C79842398C99500AA41A2 /* Main.storyboard */ = {
			isa = PBXVariantGroup;
			children = (
				A75C79852398C99500AA41A2 /* Base */,
			);
			name = Main.storyboard;
			sourceTree = "<group>";
		};
		A75C79892398C99700AA41A2 /* LaunchScreen.storyboard */ = {
			isa = PBXVariantGroup;
			children = (
				A75C798A2398C99700AA41A2 /* Base */,
			);
			name = LaunchScreen.storyboard;
			sourceTree = "<group>";
		};
/* End PBXVariantGroup section */

/* Begin XCBuildConfiguration section */
		A75C798D2398C99700AA41A2 /* Debug */ = {
			isa = XCBuildConfiguration;
			buildSettings = {
				ALWAYS_SEARCH_USER_PATHS = NO;
				CLANG_ANALYZER_NONNULL = YES;
				CLANG_ANALYZER_NUMBER_OBJECT_CONVERSION = YES_AGGRESSIVE;
				CLANG_CXX_LANGUAGE_STANDARD = "gnu++14";
				CLANG_CXX_LIBRARY = "libc++";
				CLANG_ENABLE_MODULES = YES;
				CLANG_ENABLE_OBJC_ARC = YES;
				CLANG_ENABLE_OBJC_WEAK = YES;
				CLANG_WARN_BLOCK_CAPTURE_AUTORELEASING = YES;
				CLANG_WARN_BOOL_CONVERSION = YES;
				CLANG_WARN_COMMA = YES;
				CLANG_WARN_CONSTANT_CONVERSION = YES;
				CLANG_WARN_DEPRECATED_OBJC_IMPLEMENTATIONS = YES;
				CLANG_WARN_DIRECT_OBJC_ISA_USAGE = YES_ERROR;
				CLANG_WARN_DOCUMENTATION_COMMENTS = YES;
				CLANG_WARN_EMPTY_BODY = YES;
				CLANG_WARN_ENUM_CONVERSION = YES;
				CLANG_WARN_INFINITE_RECURSION = YES;
				CLANG_WARN_INT_CONVERSION = YES;
				CLANG_WARN_NON_LITERAL_NULL_CONVERSION = YES;
				CLANG_WARN_OBJC_IMPLICIT_RETAIN_SELF = YES;
				CLANG_WARN_OBJC_LITERAL_CONVERSION = YES;
				CLANG_WARN_OBJC_ROOT_CLASS = YES_ERROR;
				CLANG_WARN_RANGE_LOOP_ANALYSIS = YES;
				CLANG_WARN_STRICT_PROTOTYPES = YES;
				CLANG_WARN_SUSPICIOUS_MOVE = YES;
				CLANG_WARN_UNGUARDED_AVAILABILITY = YES_AGGRESSIVE;
				CLANG_WARN_UNREACHABLE_CODE = YES;
				CLANG_WARN__DUPLICATE_METHOD_MATCH = YES;
				COPY_PHASE_STRIP = NO;
				DEBUG_INFORMATION_FORMAT = dwarf;
				ENABLE_STRICT_OBJC_MSGSEND = YES;
				ENABLE_TESTABILITY = YES;
				GCC_C_LANGUAGE_STANDARD = gnu11;
				GCC_DYNAMIC_NO_PIC = NO;
				GCC_NO_COMMON_BLOCKS = YES;
				GCC_OPTIMIZATION_LEVEL = 0;
				GCC_PREPROCESSOR_DEFINITIONS = (
					"DEBUG=1",
					"$(inherited)",
				);
				GCC_WARN_64_TO_32_BIT_CONVERSION = YES;
				GCC_WARN_ABOUT_RETURN_TYPE = YES_ERROR;
				GCC_WARN_UNDECLARED_SELECTOR = YES;
				GCC_WARN_UNINITIALIZED_AUTOS = YES_AGGRESSIVE;
				GCC_WARN_UNUSED_FUNCTION = YES;
				GCC_WARN_UNUSED_VARIABLE = YES;
				IPHONEOS_DEPLOYMENT_TARGET = 13.2;
				MTL_ENABLE_DEBUG_INFO = INCLUDE_SOURCE;
				MTL_FAST_MATH = YES;
				ONLY_ACTIVE_ARCH = YES;
				SDKROOT = iphoneos;
				SWIFT_ACTIVE_COMPILATION_CONDITIONS = DEBUG;
				SWIFT_OPTIMIZATION_LEVEL = "-Onone";
			};
			name = Debug;
		};
		A75C798E2398C99700AA41A2 /* Release */ = {
			isa = XCBuildConfiguration;
			buildSettings = {
				ALWAYS_SEARCH_USER_PATHS = NO;
				CLANG_ANALYZER_NONNULL = YES;
				CLANG_ANALYZER_NUMBER_OBJECT_CONVERSION = YES_AGGRESSIVE;
				CLANG_CXX_LANGUAGE_STANDARD = "gnu++14";
				CLANG_CXX_LIBRARY = "libc++";
				CLANG_ENABLE_MODULES = YES;
				CLANG_ENABLE_OBJC_ARC = YES;
				CLANG_ENABLE_OBJC_WEAK = YES;
				CLANG_WARN_BLOCK_CAPTURE_AUTORELEASING = YES;
				CLANG_WARN_BOOL_CONVERSION = YES;
				CLANG_WARN_COMMA = YES;
				CLANG_WARN_CONSTANT_CONVERSION = YES;
				CLANG_WARN_DEPRECATED_OBJC_IMPLEMENTATIONS = YES;
				CLANG_WARN_DIRECT_OBJC_ISA_USAGE = YES_ERROR;
				CLANG_WARN_DOCUMENTATION_COMMENTS = YES;
				CLANG_WARN_EMPTY_BODY = YES;
				CLANG_WARN_ENUM_CONVERSION = YES;
				CLANG_WARN_INFINITE_RECURSION = YES;
				CLANG_WARN_INT_CONVERSION = YES;
				CLANG_WARN_NON_LITERAL_NULL_CONVERSION = YES;
				CLANG_WARN_OBJC_IMPLICIT_RETAIN_SELF = YES;
				CLANG_WARN_OBJC_LITERAL_CONVERSION = YES;
				CLANG_WARN_OBJC_ROOT_CLASS = YES_ERROR;
				CLANG_WARN_RANGE_LOOP_ANALYSIS = YES;
				CLANG_WARN_STRICT_PROTOTYPES = YES;
				CLANG_WARN_SUSPICIOUS_MOVE = YES;
				CLANG_WARN_UNGUARDED_AVAILABILITY = YES_AGGRESSIVE;
				CLANG_WARN_UNREACHABLE_CODE = YES;
				CLANG_WARN__DUPLICATE_METHOD_MATCH = YES;
				COPY_PHASE_STRIP = NO;
				DEBUG_INFORMATION_FORMAT = "dwarf-with-dsym";
				ENABLE_NS_ASSERTIONS = NO;
				ENABLE_STRICT_OBJC_MSGSEND = YES;
				GCC_C_LANGUAGE_STANDARD = gnu11;
				GCC_NO_COMMON_BLOCKS = YES;
				GCC_WARN_64_TO_32_BIT_CONVERSION = YES;
				GCC_WARN_ABOUT_RETURN_TYPE = YES_ERROR;
				GCC_WARN_UNDECLARED_SELECTOR = YES;
				GCC_WARN_UNINITIALIZED_AUTOS = YES_AGGRESSIVE;
				GCC_WARN_UNUSED_FUNCTION = YES;
				GCC_WARN_UNUSED_VARIABLE = YES;
				IPHONEOS_DEPLOYMENT_TARGET = 13.2;
				MTL_ENABLE_DEBUG_INFO = NO;
				MTL_FAST_MATH = YES;
				SDKROOT = iphoneos;
				SWIFT_COMPILATION_MODE = wholemodule;
				SWIFT_OPTIMIZATION_LEVEL = "-O";
				VALIDATE_PRODUCT = YES;
			};
			name = Release;
		};
		A75C79902398C99700AA41A2 /* Debug */ = {
			isa = XCBuildConfiguration;
			buildSettings = {
				ASSETCATALOG_COMPILER_APPICON_NAME = AppIcon;
				CODE_SIGN_STYLE = Automatic;
				DEVELOPMENT_TEAM = FZZ4V5CW2H;
				INFOPLIST_FILE = savingsApp/Info.plist;
				LD_RUNPATH_SEARCH_PATHS = (
					"$(inherited)",
					"@executable_path/Frameworks",
				);
				PRODUCT_BUNDLE_IDENTIFIER = com.stephensonang.savingsApp;
				PRODUCT_NAME = "$(TARGET_NAME)";
				SWIFT_VERSION = 5.0;
				TARGETED_DEVICE_FAMILY = "1,2";
			};
			name = Debug;
		};
		A75C79912398C99700AA41A2 /* Release */ = {
			isa = XCBuildConfiguration;
			buildSettings = {
				ASSETCATALOG_COMPILER_APPICON_NAME = AppIcon;
				CODE_SIGN_STYLE = Automatic;
				DEVELOPMENT_TEAM = FZZ4V5CW2H;
				INFOPLIST_FILE = savingsApp/Info.plist;
				LD_RUNPATH_SEARCH_PATHS = (
					"$(inherited)",
					"@executable_path/Frameworks",
				);
				PRODUCT_BUNDLE_IDENTIFIER = com.stephensonang.savingsApp;
				PRODUCT_NAME = "$(TARGET_NAME)";
				SWIFT_VERSION = 5.0;
				TARGETED_DEVICE_FAMILY = "1,2";
			};
			name = Release;
		};
/* End XCBuildConfiguration section */

/* Begin XCConfigurationList section */
		A75C79762398C99500AA41A2 /* Build configuration list for PBXProject "savingsApp" */ = {
			isa = XCConfigurationList;
			buildConfigurations = (
				A75C798D2398C99700AA41A2 /* Debug */,
				A75C798E2398C99700AA41A2 /* Release */,
			);
			defaultConfigurationIsVisible = 0;
			defaultConfigurationName = Release;
		};
		A75C798F2398C99700AA41A2 /* Build configuration list for PBXNativeTarget "savingsApp" */ = {
			isa = XCConfigurationList;
			buildConfigurations = (
				A75C79902398C99700AA41A2 /* Debug */,
				A75C79912398C99700AA41A2 /* Release */,
			);
			defaultConfigurationIsVisible = 0;
			defaultConfigurationName = Release;
		};
/* End XCConfigurationList section */
	};
	rootObject = A75C79732398C99500AA41A2 /* Project object */;
}
